// !$*UTF8*$!
{
	archiveVersion = 1;
	classes = {
	};
	objectVersion = 77;
	objects = {

/* Begin PBXContainerItemProxy section */
		65CD77362FA9DC62001199B6 /* PBXContainerItemProxy */ = {
			isa = PBXContainerItemProxy;
			containerPortal = 65CD77202FA9DC61001199B6 /* Project object */;
			proxyType = 1;
			remoteGlobalIDString = 65CD77272FA9DC61001199B6;
			remoteInfo = POV;
		};
		65CD77402FA9DC62001199B6 /* PBXContainerItemProxy */ = {
			isa = PBXContainerItemProxy;
			containerPortal = 65CD77202FA9DC61001199B6 /* Project object */;
			proxyType = 1;
			remoteGlobalIDString = 65CD77272FA9DC61001199B6;
			remoteInfo = POV;
		};
/* End PBXContainerItemProxy section */

/* Begin PBXFileReference section */
		89D3D8EA2FB08069004EC09F /* POV.app */ = {isa = PBXFileReference; explicitFileType = wrapper.application; includeInIndex = 0; path = POV.app; sourceTree = BUILT_PRODUCTS_DIR; };
		89D3D8EB2FB08069004EC09F /* POVTests.xctest */ = {isa = PBXFileReference; explicitFileType = wrapper.cfbundle; includeInIndex = 0; path = POVTests.xctest; sourceTree = BUILT_PRODUCTS_DIR; };
		89D3D8EC2FB08069004EC09F /* POVUITests.xctest */ = {isa = PBXFileReference; explicitFileType = wrapper.cfbundle; includeInIndex = 0; path = POVUITests.xctest; sourceTree = BUILT_PRODUCTS_DIR; };
/* End PBXFileReference section */

/* Begin PBXFileSystemSynchronizedBuildFileExceptionSet section */
		65CD778F2FB25755001199B6 /* Exceptions for "POV" folder in "POV" target */ = {
			isa = PBXFileSystemSynchronizedBuildFileExceptionSet;
			membershipExceptions = (
				Info.plist,
			);
			target = 65CD77272FA9DC61001199B6 /* POV */;
		};
		65CD77962FB3240A001199B6 /* Exceptions for "Resources" folder in "POV" target */ = {
			isa = PBXFileSystemSynchronizedBuildFileExceptionSet;
			membershipExceptions = (
				pov_data.json,
			);
			target = 65CD77272FA9DC61001199B6 /* POV */;
		};
/* End PBXFileSystemSynchronizedBuildFileExceptionSet section */

/* Begin PBXFileSystemSynchronizedRootGroup section */
		65CD772A2FA9DC61001199B6 /* POV */ = {
			isa = PBXFileSystemSynchronizedRootGroup;
			exceptions = (
				65CD778F2FB25755001199B6 /* Exceptions for "POV" folder in "POV" target */,
			);
			path = POV;
			sourceTree = "<group>";
		};
		65CD77382FA9DC62001199B6 /* POVTests */ = {
			isa = PBXFileSystemSynchronizedRootGroup;
			path = POVTests;
			sourceTree = "<group>";
		};
		65CD77422FA9DC62001199B6 /* POVUITests */ = {
			isa = PBXFileSystemSynchronizedRootGroup;
			path = POVUITests;
			sourceTree = "<group>";
		};
		65CD77522FB07EC1001199B6 /* Models */ = {
			isa = PBXFileSystemSynchronizedRootGroup;
			path = Models;
			sourceTree = "<group>";
		};
		65CD77542FB07EDD001199B6 /* Resources */ = {
			isa = PBXFileSystemSynchronizedRootGroup;
			exceptions = (
				65CD77962FB3240A001199B6 /* Exceptions for "Resources" folder in "POV" target */,
			);
			path = Resources;
			sourceTree = "<group>";
		};
		65CD77562FB07F17001199B6 /* Services */ = {
			isa = PBXFileSystemSynchronizedRootGroup;
			path = Services;
			sourceTree = "<group>";
		};
		65CD77572FB07F45001199B6 /* ViewModels */ = {
			isa = PBXFileSystemSynchronizedRootGroup;
			path = ViewModels;
			sourceTree = "<group>";
		};
		65CD77592FB07F5F001199B6 /* Views */ = {
			isa = PBXFileSystemSynchronizedRootGroup;
			path = Views;
			sourceTree = "<group>";
		};
/* End PBXFileSystemSynchronizedRootGroup section */

/* Begin PBXFrameworksBuildPhase section */
		65CD77252FA9DC61001199B6 /* Frameworks */ = {
			isa = PBXFrameworksBuildPhase;
			buildActionMask = 2147483647;
			files = (
			);
			runOnlyForDeploymentPostprocessing = 0;
		};
		65CD77322FA9DC62001199B6 /* Frameworks */ = {
			isa = PBXFrameworksBuildPhase;
			buildActionMask = 2147483647;
			files = (
			);
			runOnlyForDeploymentPostprocessing = 0;
		};
		65CD773C2FA9DC62001199B6 /* Frameworks */ = {
			isa = PBXFrameworksBuildPhase;
			buildActionMask = 2147483647;
			files = (
			);
			runOnlyForDeploymentPostprocessing = 0;
		};
/* End PBXFrameworksBuildPhase section */

/* Begin PBXGroup section */
		65CD771F2FA9DC61001199B6 = {
			isa = PBXGroup;
			children = (
				65CD77592FB07F5F001199B6 /* Views */,
				65CD77572FB07F45001199B6 /* ViewModels */,
				65CD77522FB07EC1001199B6 /* Models */,
				65CD772A2FA9DC61001199B6 /* POV */,
				65CD77382FA9DC62001199B6 /* POVTests */,
				65CD77542FB07EDD001199B6 /* Resources */,
				65CD77422FA9DC62001199B6 /* POVUITests */,
				65CD77562FB07F17001199B6 /* Services */,
				89D3D8EA2FB08069004EC09F /* POV.app */,
				89D3D8EB2FB08069004EC09F /* POVTests.xctest */,
				89D3D8EC2FB08069004EC09F /* POVUITests.xctest */,
			);
			sourceTree = "<group>";
		};
/* End PBXGroup section */

/* Begin PBXNativeTarget section */
		65CD77272FA9DC61001199B6 /* POV */ = {
			isa = PBXNativeTarget;
			buildConfigurationList = 65CD77492FA9DC62001199B6 /* Build configuration list for PBXNativeTarget "POV" */;
			buildPhases = (
				65CD77242FA9DC61001199B6 /* Sources */,
				65CD77252FA9DC61001199B6 /* Frameworks */,
				65CD77262FA9DC61001199B6 /* Resources */,
			);
			buildRules = (
			);
			dependencies = (
			);
			fileSystemSynchronizedGroups = (
				65CD772A2FA9DC61001199B6 /* POV */,
				65CD77522FB07EC1001199B6 /* Models */,
				65CD77562FB07F17001199B6 /* Services */,
				65CD77572FB07F45001199B6 /* ViewModels */,
				65CD77592FB07F5F001199B6 /* Views */,
			);
			name = POV;
			packageProductDependencies = (
			);
			productName = POV;
			productReference = 89D3D8EA2FB08069004EC09F /* POV.app */;
			productType = "com.apple.product-type.application";
		};
		65CD77342FA9DC62001199B6 /* POVTests */ = {
			isa = PBXNativeTarget;
			buildConfigurationList = 65CD774C2FA9DC62001199B6 /* Build configuration list for PBXNativeTarget "POVTests" */;
			buildPhases = (
				65CD77312FA9DC62001199B6 /* Sources */,
				65CD77322FA9DC62001199B6 /* Frameworks */,
				65CD77332FA9DC62001199B6 /* Resources */,
			);
			buildRules = (
			);
			dependencies = (
				65CD77372FA9DC62001199B6 /* PBXTargetDependency */,
			);
			fileSystemSynchronizedGroups = (
				65CD77382FA9DC62001199B6 /* POVTests */,
			);
			name = POVTests;
			packageProductDependencies = (
			);
			productName = POVTests;
			productReference = 89D3D8EB2FB08069004EC09F /* POVTests.xctest */;
			productType = "com.apple.product-type.bundle.unit-test";
		};
		65CD773E2FA9DC62001199B6 /* POVUITests */ = {
			isa = PBXNativeTarget;
			buildConfigurationList = 65CD774F2FA9DC62001199B6 /* Build configuration list for PBXNativeTarget "POVUITests" */;
			buildPhases = (
				65CD773B2FA9DC62001199B6 /* Sources */,
				65CD773C2FA9DC62001199B6 /* Frameworks */,
				65CD773D2FA9DC62001199B6 /* Resources */,
			);
			buildRules = (
			);
			dependencies = (
				65CD77412FA9DC62001199B6 /* PBXTargetDependency */,
			);
			fileSystemSynchronizedGroups = (
				65CD77422FA9DC62001199B6 /* POVUITests */,
				65CD77542FB07EDD001199B6 /* Resources */,
			);
			name = POVUITests;
			packageProductDependencies = (
			);
			productName = POVUITests;
			productReference = 89D3D8EC2FB08069004EC09F /* POVUITests.xctest */;
			productType = "com.apple.product-type.bundle.ui-testing";
		};
/* End PBXNativeTarget section */

/* Begin PBXProject section */
		65CD77202FA9DC61001199B6 /* Project object */ = {
			isa = PBXProject;
			attributes = {
				BuildIndependentTargetsInParallel = 1;
				LastSwiftUpdateCheck = 2600;
				LastUpgradeCheck = 2600;
				TargetAttributes = {
					65CD77272FA9DC61001199B6 = {
						CreatedOnToolsVersion = 26.0.1;
					};
					65CD77342FA9DC62001199B6 = {
						CreatedOnToolsVersion = 26.0.1;
						TestTargetID = 65CD77272FA9DC61001199B6;
					};
					65CD773E2FA9DC62001199B6 = {
						CreatedOnToolsVersion = 26.0.1;
						TestTargetID = 65CD77272FA9DC61001199B6;
					};
				};
			};
			buildConfigurationList = 65CD77232FA9DC61001199B6 /* Build configuration list for PBXProject "POV" */;
			developmentRegion = en;
			hasScannedForEncodings = 0;
			knownRegions = (
				en,
				Base,
			);
			mainGroup = 65CD771F2FA9DC61001199B6;
			minimizedProjectReferenceProxies = 1;
			preferredProjectObjectVersion = 77;
			productRefGroup = 65CD771F2FA9DC61001199B6;
			projectDirPath = "";
			projectRoot = "";
			targets = (
				65CD77272FA9DC61001199B6 /* POV */,
				65CD77342FA9DC62001199B6 /* POVTests */,
				65CD773E2FA9DC62001199B6 /* POVUITests */,
			);
		};
/* End PBXProject section */

/* Begin PBXResourcesBuildPhase section */
		65CD77262FA9DC61001199B6 /* Resources */ = {
			isa = PBXResourcesBuildPhase;
			buildActionMask = 2147483647;
			files = (
			);
			runOnlyForDeploymentPostprocessing = 0;
		};
		65CD77332FA9DC62001199B6 /* Resources */ = {
			isa = PBXResourcesBuildPhase;
			buildActionMask = 2147483647;
			files = (
			);
			runOnlyForDeploymentPostprocessing = 0;
		};
		65CD773D2FA9DC62001199B6 /* Resources */ = {
			isa = PBXResourcesBuildPhase;
			buildActionMask = 2147483647;
			files = (
			);
			runOnlyForDeploymentPostprocessing = 0;
		};
/* End PBXResourcesBuildPhase section */

/* Begin PBXSourcesBuildPhase section */
		65CD77242FA9DC61001199B6 /* Sources */ = {
			isa = PBXSourcesBuildPhase;
			buildActionMask = 2147483647;
			files = (
			);
			runOnlyForDeploymentPostprocessing = 0;
		};
		65CD77312FA9DC62001199B6 /* Sources */ = {
			isa = PBXSourcesBuildPhase;
			buildActionMask = 2147483647;
			files = (
			);
			runOnlyForDeploymentPostprocessing = 0;
		};
		65CD773B2FA9DC62001199B6 /* Sources */ = {
			isa = PBXSourcesBuildPhase;
			buildActionMask = 2147483647;
			files = (
			);
			runOnlyForDeploymentPostprocessing = 0;
		};
/* End PBXSourcesBuildPhase section */

/* Begin PBXTargetDependency section */
		65CD77372FA9DC62001199B6 /* PBXTargetDependency */ = {
			isa = PBXTargetDependency;
			target = 65CD77272FA9DC61001199B6 /* POV */;
			targetProxy = 65CD77362FA9DC62001199B6 /* PBXContainerItemProxy */;
		};
		65CD77412FA9DC62001199B6 /* PBXTargetDependency */ = {
			isa = PBXTargetDependency;
			target = 65CD77272FA9DC61001199B6 /* POV */;
			targetProxy = 65CD77402FA9DC62001199B6 /* PBXContainerItemProxy */;
		};
/* End PBXTargetDependency section */

/* Begin XCBuildConfiguration section */
		65CD77472FA9DC62001199B6 /* Debug */ = {
			isa = XCBuildConfiguration;
			buildSettings = {
				ALWAYS_SEARCH_USER_PATHS = NO;
				ASSETCATALOG_COMPILER_GENERATE_SWIFT_ASSET_SYMBOL_EXTENSIONS = YES;
				CLANG_ANALYZER_NONNULL = YES;
				CLANG_ANALYZER_NUMBER_OBJECT_CONVERSION = YES_AGGRESSIVE;
				CLANG_CXX_LANGUAGE_STANDARD = "gnu++20";
				CLANG_ENABLE_MODULES = YES;
				CLANG_ENABLE_OBJC_ARC = YES;
				CLANG_ENABLE_OBJC_WEAK = YES;
				CLANG_WARN_BLOCK_CAPTURE_AUTORELEASING = YES;
				CLANG_WARN_BOOL_CONVERSION = YES;
				CLANG_WARN_COMMA = YES;
				CLANG_WARN_CONSTANT_CONVERSION = YES;
				CLANG_WARN_DEPRECATED_OBJC_IMPLEMENTATIONS = YES;
				CLANG_WARN_DIRECT_OBJC_ISA_USAGE = YES_ERROR;
				CLANG_WARN_DOCUMENTATION_COMMENTS = YES;
				CLANG_WARN_EMPTY_BODY = YES;
				CLANG_WARN_ENUM_CONVERSION = YES;
				CLANG_WARN_INFINITE_RECURSION = YES;
				CLANG_WARN_INT_CONVERSION = YES;
				CLANG_WARN_NON_LITERAL_NULL_CONVERSION = YES;
				CLANG_WARN_OBJC_IMPLICIT_RETAIN_SELF = YES;
				CLANG_WARN_OBJC_LITERAL_CONVERSION = YES;
				CLANG_WARN_OBJC_ROOT_CLASS = YES_ERROR;
				CLANG_WARN_QUOTED_INCLUDE_IN_FRAMEWORK_HEADER = YES;
				CLANG_WARN_RANGE_LOOP_ANALYSIS = YES;
				CLANG_WARN_STRICT_PROTOTYPES = YES;
				CLANG_WARN_SUSPICIOUS_MOVE = YES;
				CLANG_WARN_UNGUARDED_AVAILABILITY = YES_AGGRESSIVE;
				CLANG_WARN_UNREACHABLE_CODE = YES;
				CLANG_WARN__DUPLICATE_METHOD_MATCH = YES;
				COPY_PHASE_STRIP = NO;
				DEBUG_INFORMATION_FORMAT = dwarf;
				DEVELOPMENT_TEAM = JWTK4J2NK6;
				ENABLE_STRICT_OBJC_MSGSEND = YES;
				ENABLE_TESTABILITY = YES;
				ENABLE_USER_SCRIPT_SANDBOXING = YES;
				GCC_C_LANGUAGE_STANDARD = gnu17;
				GCC_DYNAMIC_NO_PIC = NO;
				GCC_NO_COMMON_BLOCKS = YES;
				GCC_OPTIMIZATION_LEVEL = 0;
				GCC_PREPROCESSOR_DEFINITIONS = (
					"DEBUG=1",
					"$(inherited)",
				);
				GCC_WARN_64_TO_32_BIT_CONVERSION = YES;
				GCC_WARN_ABOUT_RETURN_TYPE = YES_ERROR;
				GCC_WARN_UNDECLARED_SELECTOR = YES;
				GCC_WARN_UNINITIALIZED_AUTOS = YES_AGGRESSIVE;
				GCC_WARN_UNUSED_FUNCTION = YES;
				GCC_WARN_UNUSED_VARIABLE = YES;
				IPHONEOS_DEPLOYMENT_TARGET = 26.0;
				LOCALIZATION_PREFERS_STRING_CATALOGS = YES;
				MTL_ENABLE_DEBUG_INFO = INCLUDE_SOURCE;
				MTL_FAST_MATH = YES;
				ONLY_ACTIVE_ARCH = YES;
				SDKROOT = iphoneos;
				SWIFT_ACTIVE_COMPILATION_CONDITIONS = "DEBUG $(inherited)";
				SWIFT_OPTIMIZATION_LEVEL = "-Onone";
			};
			name = Debug;
		};
		65CD77482FA9DC62001199B6 /* Release */ = {
			isa = XCBuildConfiguration;
			buildSettings = {
				ALWAYS_SEARCH_USER_PATHS = NO;
				ASSETCATALOG_COMPILER_GENERATE_SWIFT_ASSET_SYMBOL_EXTENSIONS = YES;
				CLANG_ANALYZER_NONNULL = YES;
				CLANG_ANALYZER_NUMBER_OBJECT_CONVERSION = YES_AGGRESSIVE;
				CLANG_CXX_LANGUAGE_STANDARD = "gnu++20";
				CLANG_ENABLE_MODULES = YES;
				CLANG_ENABLE_OBJC_ARC = YES;
				CLANG_ENABLE_OBJC_WEAK = YES;
				CLANG_WARN_BLOCK_CAPTURE_AUTORELEASING = YES;
				CLANG_WARN_BOOL_CONVERSION = YES;
				CLANG_WARN_COMMA = YES;
				CLANG_WARN_CONSTANT_CONVERSION = YES;
				CLANG_WARN_DEPRECATED_OBJC_IMPLEMENTATIONS = YES;
				CLANG_WARN_DIRECT_OBJC_ISA_USAGE = YES_ERROR;
				CLANG_WARN_DOCUMENTATION_COMMENTS = YES;
				CLANG_WARN_EMPTY_BODY = YES;
				CLANG_WARN_ENUM_CONVERSION = YES;
				CLANG_WARN_INFINITE_RECURSION = YES;
				CLANG_WARN_INT_CONVERSION = YES;
				CLANG_WARN_NON_LITERAL_NULL_CONVERSION = YES;
				CLANG_WARN_OBJC_IMPLICIT_RETAIN_SELF = YES;
				CLANG_WARN_OBJC_LITERAL_CONVERSION = YES;
				CLANG_WARN_OBJC_ROOT_CLASS = YES_ERROR;
				CLANG_WARN_QUOTED_INCLUDE_IN_FRAMEWORK_HEADER = YES;
				CLANG_WARN_RANGE_LOOP_ANALYSIS = YES;
				CLANG_WARN_STRICT_PROTOTYPES = YES;
				CLANG_WARN_SUSPICIOUS_MOVE = YES;
				CLANG_WARN_UNGUARDED_AVAILABILITY = YES_AGGRESSIVE;
				CLANG_WARN_UNREACHABLE_CODE = YES;
				CLANG_WARN__DUPLICATE_METHOD_MATCH = YES;
				COPY_PHASE_STRIP = NO;
				DEBUG_INFORMATION_FORMAT = "dwarf-with-dsym";
				DEVELOPMENT_TEAM = JWTK4J2NK6;
				ENABLE_NS_ASSERTIONS = NO;
				ENABLE_STRICT_OBJC_MSGSEND = YES;
				ENABLE_USER_SCRIPT_SANDBOXING = YES;
				GCC_C_LANGUAGE_STANDARD = gnu17;
				GCC_NO_COMMON_BLOCKS = YES;
				GCC_WARN_64_TO_32_BIT_CONVERSION = YES;
				GCC_WARN_ABOUT_RETURN_TYPE = YES_ERROR;
				GCC_WARN_UNDECLARED_SELECTOR = YES;
				GCC_WARN_UNINITIALIZED_AUTOS = YES_AGGRESSIVE;
				GCC_WARN_UNUSED_FUNCTION = YES;
				GCC_WARN_UNUSED_VARIABLE = YES;
				IPHONEOS_DEPLOYMENT_TARGET = 26.0;
				LOCALIZATION_PREFERS_STRING_CATALOGS = YES;
				MTL_ENABLE_DEBUG_INFO = NO;
				MTL_FAST_MATH = YES;
				SDKROOT = iphoneos;
				SWIFT_COMPILATION_MODE = wholemodule;
				VALIDATE_PRODUCT = YES;
			};
			name = Release;
		};
		65CD774A2FA9DC62001199B6 /* Debug */ = {
			isa = XCBuildConfiguration;
			buildSettings = {
				ASSETCATALOG_COMPILER_APPICON_NAME = AppIcon;
				ASSETCATALOG_COMPILER_GLOBAL_ACCENT_COLOR_NAME = AccentColor;
				CODE_SIGN_STYLE = Automatic;
				CURRENT_PROJECT_VERSION = 1;
				DEVELOPMENT_TEAM = C693YHBWPU;
				ENABLE_PREVIEWS = YES;
				GENERATE_INFOPLIST_FILE = YES;
				INFOPLIST_FILE = POV/Info.plist;
				INFOPLIST_KEY_LSApplicationCategoryType = "";
				INFOPLIST_KEY_NSCameraUsageDescription = "we need access to your camera";
				INFOPLIST_KEY_NSMicrophoneUsageDescription = "we need to access your microphone";
				INFOPLIST_KEY_NSPhotoLibraryAddUsageDescription = "we need to add to your library";
				INFOPLIST_KEY_NSPhotoLibraryUsageDescription = "we need to access your library";
				INFOPLIST_KEY_UIApplicationSceneManifest_Generation = YES;
				INFOPLIST_KEY_UIApplicationSupportsIndirectInputEvents = YES;
				INFOPLIST_KEY_UILaunchScreen_Generation = YES;
				INFOPLIST_KEY_UISupportedInterfaceOrientations_iPad = "UIInterfaceOrientationPortrait UIInterfaceOrientationPortraitUpsideDown UIInterfaceOrientationLandscapeLeft UIInterfaceOrientationLandscapeRight";
				INFOPLIST_KEY_UISupportedInterfaceOrientations_iPhone = "UIInterfaceOrientationPortrait UIInterfaceOrientationLandscapeLeft UIInterfaceOrientationLandscapeRight";
				LD_RUNPATH_SEARCH_PATHS = (
					"$(inherited)",
					"@executable_path/Frameworks",
				);
				MARKETING_VERSION = 1.0;
				PRODUCT_BUNDLE_IDENTIFIER = fay.POV;
				PRODUCT_NAME = "$(TARGET_NAME)";
				STRING_CATALOG_GENERATE_SYMBOLS = YES;
				SWIFT_APPROACHABLE_CONCURRENCY = YES;
				SWIFT_DEFAULT_ACTOR_ISOLATION = MainActor;
				SWIFT_EMIT_LOC_STRINGS = YES;
				SWIFT_UPCOMING_FEATURE_MEMBER_IMPORT_VISIBILITY = YES;
				SWIFT_VERSION = 5.0;
				TARGETED_DEVICE_FAMILY = "1,2";
			};
			name = Debug;
		};
		65CD774B2FA9DC62001199B6 /* Release */ = {
			isa = XCBuildConfiguration;
			buildSettings = {
				ASSETCATALOG_COMPILER_APPICON_NAME = AppIcon;
				ASSETCATALOG_COMPILER_GLOBAL_ACCENT_COLOR_NAME = AccentColor;
				CODE_SIGN_STYLE = Automatic;
				CURRENT_PROJECT_VERSION = 1;
				DEVELOPMENT_TEAM = C693YHBWPU;
				ENABLE_PREVIEWS = YES;
				GENERATE_INFOPLIST_FILE = YES;
				INFOPLIST_FILE = POV/Info.plist;
				INFOPLIST_KEY_LSApplicationCategoryType = "";
				INFOPLIST_KEY_NSCameraUsageDescription = "we need access to your camera";
				INFOPLIST_KEY_NSMicrophoneUsageDescription = "we need to access your microphone";
				INFOPLIST_KEY_NSPhotoLibraryAddUsageDescription = "we need to add to your library";
				INFOPLIST_KEY_NSPhotoLibraryUsageDescription = "we need to access your library";
				INFOPLIST_KEY_UIApplicationSceneManifest_Generation = YES;
				INFOPLIST_KEY_UIApplicationSupportsIndirectInputEvents = YES;
				INFOPLIST_KEY_UILaunchScreen_Generation = YES;
				INFOPLIST_KEY_UISupportedInterfaceOrientations_iPad = "UIInterfaceOrientationPortrait UIInterfaceOrientationPortraitUpsideDown UIInterfaceOrientationLandscapeLeft UIInterfaceOrientationLandscapeRight";
				INFOPLIST_KEY_UISupportedInterfaceOrientations_iPhone = "UIInterfaceOrientationPortrait UIInterfaceOrientationLandscapeLeft UIInterfaceOrientationLandscapeRight";
				LD_RUNPATH_SEARCH_PATHS = (
					"$(inherited)",
					"@executable_path/Frameworks",
				);
				MARKETING_VERSION = 1.0;
				PRODUCT_BUNDLE_IDENTIFIER = fay.POV;
				PRODUCT_NAME = "$(TARGET_NAME)";
				STRING_CATALOG_GENERATE_SYMBOLS = YES;
				SWIFT_APPROACHABLE_CONCURRENCY = YES;
				SWIFT_DEFAULT_ACTOR_ISOLATION = MainActor;
				SWIFT_EMIT_LOC_STRINGS = YES;
				SWIFT_UPCOMING_FEATURE_MEMBER_IMPORT_VISIBILITY = YES;
				SWIFT_VERSION = 5.0;
				TARGETED_DEVICE_FAMILY = "1,2";
			};
			name = Release;
		};
		65CD774D2FA9DC62001199B6 /* Debug */ = {
			isa = XCBuildConfiguration;
			buildSettings = {
				BUNDLE_LOADER = "$(TEST_HOST)";
				CODE_SIGN_STYLE = Automatic;
				CURRENT_PROJECT_VERSION = 1;
				DEVELOPMENT_TEAM = JWTK4J2NK6;
				GENERATE_INFOPLIST_FILE = YES;
				IPHONEOS_DEPLOYMENT_TARGET = 26.0;
				MARKETING_VERSION = 1.0;
				PRODUCT_BUNDLE_IDENTIFIER = fay.POVTests;
				PRODUCT_NAME = "$(TARGET_NAME)";
				STRING_CATALOG_GENERATE_SYMBOLS = NO;
				SWIFT_APPROACHABLE_CONCURRENCY = YES;
				SWIFT_EMIT_LOC_STRINGS = NO;
				SWIFT_UPCOMING_FEATURE_MEMBER_IMPORT_VISIBILITY = YES;
				SWIFT_VERSION = 5.0;
				TARGETED_DEVICE_FAMILY = "1,2";
				TEST_HOST = "$(BUILT_PRODUCTS_DIR)/POV.app/$(BUNDLE_EXECUTABLE_FOLDER_PATH)/POV";
			};
			name = Debug;
		};
		65CD774E2FA9DC62001199B6 /* Release */ = {
			isa = XCBuildConfiguration;
			buildSettings = {
				BUNDLE_LOADER = "$(TEST_HOST)";
				CODE_SIGN_STYLE = Automatic;
				CURRENT_PROJECT_VERSION = 1;
				DEVELOPMENT_TEAM = JWTK4J2NK6;
				GENERATE_INFOPLIST_FILE = YES;
				IPHONEOS_DEPLOYMENT_TARGET = 26.0;
				MARKETING_VERSION = 1.0;
				PRODUCT_BUNDLE_IDENTIFIER = fay.POVTests;
				PRODUCT_NAME = "$(TARGET_NAME)";
				STRING_CATALOG_GENERATE_SYMBOLS = NO;
				SWIFT_APPROACHABLE_CONCURRENCY = YES;
				SWIFT_EMIT_LOC_STRINGS = NO;
				SWIFT_UPCOMING_FEATURE_MEMBER_IMPORT_VISIBILITY = YES;
				SWIFT_VERSION = 5.0;
				TARGETED_DEVICE_FAMILY = "1,2";
				TEST_HOST = "$(BUILT_PRODUCTS_DIR)/POV.app/$(BUNDLE_EXECUTABLE_FOLDER_PATH)/POV";
			};
			name = Release;
		};
		65CD77502FA9DC62001199B6 /* Debug */ = {
			isa = XCBuildConfiguration;
			buildSettings = {
				CODE_SIGN_STYLE = Automatic;
				CURRENT_PROJECT_VERSION = 1;
				DEVELOPMENT_TEAM = JWTK4J2NK6;
				GENERATE_INFOPLIST_FILE = YES;
				MARKETING_VERSION = 1.0;
				PRODUCT_BUNDLE_IDENTIFIER = fay.POVUITests;
				PRODUCT_NAME = "$(TARGET_NAME)";
				STRING_CATALOG_GENERATE_SYMBOLS = NO;
				SWIFT_APPROACHABLE_CONCURRENCY = YES;
				SWIFT_EMIT_LOC_STRINGS = NO;
				SWIFT_UPCOMING_FEATURE_MEMBER_IMPORT_VISIBILITY = YES;
				SWIFT_VERSION = 5.0;
				TARGETED_DEVICE_FAMILY = "1,2";
				TEST_TARGET_NAME = POV;
			};
			name = Debug;
		};
		65CD77512FA9DC62001199B6 /* Release */ = {
			isa = XCBuildConfiguration;
			buildSettings = {
				CODE_SIGN_STYLE = Automatic;
				CURRENT_PROJECT_VERSION = 1;
				DEVELOPMENT_TEAM = JWTK4J2NK6;
				GENERATE_INFOPLIST_FILE = YES;
				MARKETING_VERSION = 1.0;
				PRODUCT_BUNDLE_IDENTIFIER = fay.POVUITests;
				PRODUCT_NAME = "$(TARGET_NAME)";
				STRING_CATALOG_GENERATE_SYMBOLS = NO;
				SWIFT_APPROACHABLE_CONCURRENCY = YES;
				SWIFT_EMIT_LOC_STRINGS = NO;
				SWIFT_UPCOMING_FEATURE_MEMBER_IMPORT_VISIBILITY = YES;
				SWIFT_VERSION = 5.0;
				TARGETED_DEVICE_FAMILY = "1,2";
				TEST_TARGET_NAME = POV;
			};
			name = Release;
		};
/* End XCBuildConfiguration section */

/* Begin XCConfigurationList section */
		65CD77232FA9DC61001199B6 /* Build configuration list for PBXProject "POV" */ = {
			isa = XCConfigurationList;
			buildConfigurations = (
				65CD77472FA9DC62001199B6 /* Debug */,
				65CD77482FA9DC62001199B6 /* Release */,
			);
			defaultConfigurationIsVisible = 0;
			defaultConfigurationName = Release;
		};
		65CD77492FA9DC62001199B6 /* Build configuration list for PBXNativeTarget "POV" */ = {
			isa = XCConfigurationList;
			buildConfigurations = (
				65CD774A2FA9DC62001199B6 /* Debug */,
				65CD774B2FA9DC62001199B6 /* Release */,
			);
			defaultConfigurationIsVisible = 0;
			defaultConfigurationName = Release;
		};
		65CD774C2FA9DC62001199B6 /* Build configuration list for PBXNativeTarget "POVTests" */ = {
			isa = XCConfigurationList;
			buildConfigurations = (
				65CD774D2FA9DC62001199B6 /* Debug */,
				65CD774E2FA9DC62001199B6 /* Release */,
			);
			defaultConfigurationIsVisible = 0;
			defaultConfigurationName = Release;
		};
		65CD774F2FA9DC62001199B6 /* Build configuration list for PBXNativeTarget "POVUITests" */ = {
			isa = XCConfigurationList;
			buildConfigurations = (
				65CD77502FA9DC62001199B6 /* Debug */,
				65CD77512FA9DC62001199B6 /* Release */,
			);
			defaultConfigurationIsVisible = 0;
			defaultConfigurationName = Release;
		};
/* End XCConfigurationList section */
	};
	rootObject = 65CD77202FA9DC61001199B6 /* Project object */;
}
